Microsoft Visual Studio Solution File, Format Version 12.00
# Visual Studio 15
VisualStudioVersion = 15.0.27703.2047
MinimumVisualStudioVersion = 10.0.40219.1
Project("{FAE04EC0-301F-11D3-BF4B-00C04F79EFBC}") = "SPMeta2.NintexExt.CSOM.SP13.Test", "SPMeta2.NintexExt.CSOM.SP13.Test\SPMeta2.NintexExt.CSOM.SP13.Test.csproj", "{A29BD731-4C05-4159-A5FA-BDE0A63555E1}"
EndProject
Project("{2150E333-8FDC-42A3-9474-1A3956D46DE8}") = "Solution Items", "Solution Items", "{8DBEB528-3171-40A5-A2A6-F5DC6E7B6D0B}"
	ProjectSection(SolutionItems) = preProject
		license.md = license.md
		Links.md = Links.md
		README.md = README.md
	EndProjectSection
EndProject
Project("{FAE04EC0-301F-11D3-BF4B-00C04F79EFBC}") = "SPMeta2.NintexExt.Core", "SPMeta2.NintexExt.Core\SPMeta2.NintexExt.Core.csproj", "{37030E75-2082-45AB-8B88-8540EC56A8B4}"
EndProject
Project("{FAE04EC0-301F-11D3-BF4B-00C04F79EFBC}") = "SPMeta2.NintexExt.CSOM.SP13", "SPMeta2.NintexExt.CSOM.SP13\SPMeta2.NintexExt.CSOM.SP13.csproj", "{4E417970-C7C2-478E-9DC1-8CA58BC50094}"
EndProject
Project("{2150E333-8FDC-42A3-9474-1A3956D46DE8}") = "2013_ONPREM_NF_NFPublishExample", "2013_ONPREM_NF_NFPublishExample", "{D73C02D0-C7C6-4162-B0FD-3AB35FC5E37B}"
EndProject
Project("{2150E333-8FDC-42A3-9474-1A3956D46DE8}") = "nintexsamples", "nintexsamples", "{2783B91C-F617-4BDF-915B-C681A99A7C2C}"
	ProjectSection(SolutionItems) = preProject
		nintexsamples\readme.md = nintexsamples\readme.md
	EndProjectSection
EndProject
Project("{FAE04EC0-301F-11D3-BF4B-00C04F79EFBC}") = "NintexFormsClient", "nintexsamples\2013_ONPREM_NF_NFPublishExample\NintexFormsClient\NintexFormsClient.csproj", "{20F561EE-D688-4609-A9FD-639AD25A1D07}"
EndProject
Project("{FAE04EC0-301F-11D3-BF4B-00C04F79EFBC}") = "PublishFormExample", "nintexsamples\2013_ONPREM_NF_NFPublishExample\PublishFormExample\PublishFormExample.csproj", "{D6AA2918-472F-4CC8-961E-7A00500284B9}"
EndProject
Project("{2150E333-8FDC-42A3-9474-1A3956D46DE8}") = "Sp2013", "Sp2013", "{E5464EEC-A18D-40F9-BAB1-14E594A0AC02}"
EndProject
Project("{2150E333-8FDC-42A3-9474-1A3956D46DE8}") = "O365", "O365", "{D8B0C6BE-2A27-4311-B24E-53BE0AA1F78D}"
EndProject
Project("{FAE04EC0-301F-11D3-BF4B-00C04F79EFBC}") = "O365_RESTAPI_NF_Import", "nintexsamples\O365_RESTAPI_NF_Import\O365_RESTAPI_NF_Import\O365_RESTAPI_NF_Import.csproj", "{AEF5633A-E1DC-49BB-AAC5-6DA4CAF3251F}"
EndProject
Project("{FAE04EC0-301F-11D3-BF4B-00C04F79EFBC}") = "O365_RESTAPI_NF_Publish", "nintexsamples\O365_RESTAPI_NF_Publish\O365_RESTAPI_NF_Publish\O365_RESTAPI_NF_Publish.csproj", "{3A520C25-E99F-4B08-9824-EE175B72EA75}"
EndProject
Project("{FAE04EC0-301F-11D3-BF4B-00C04F79EFBC}") = "SPMeta2.NintexExt.CSOM.O365", "SPMeta2.NintexExt.CSOM.O365\SPMeta2.NintexExt.CSOM.O365.csproj", "{68788FB4-8D43-4B56-9715-A6C841D4849D}"
EndProject
Project("{FAE04EC0-301F-11D3-BF4B-00C04F79EFBC}") = "SPMeta2.NintexExt.CSOM.O365.Test", "SPMeta2.NintexExt.CSOM.O365.Test\SPMeta2.NintexExt.CSOM.O365.Test.csproj", "{3CC782BA-C637-4504-AD2E-EEF7476682FD}"
EndProject
Project("{FAE04EC0-301F-11D3-BF4B-00C04F79EFBC}") = "O365_RESTAPI_NF_Save", "nintexsamples\O365_RESTAPI_NF_Save\O365_RESTAPI_NF_Save\O365_RESTAPI_NF_Save.csproj", "{0195EB53-A8FE-4B48-BE1E-E78F5C7639CE}"
EndProject
Global
	GlobalSection(SolutionConfigurationPlatforms) = preSolution
		Debug|Any CPU = Debug|Any CPU
		Release|Any CPU = Release|Any CPU
	EndGlobalSection
	GlobalSection(ProjectConfigurationPlatforms) = postSolution
		{A29BD731-4C05-4159-A5FA-BDE0A63555E1}.Debug|Any CPU.ActiveCfg = Debug|Any CPU
		{A29BD731-4C05-4159-A5FA-BDE0A63555E1}.Debug|Any CPU.Build.0 = Debug|Any CPU
		{A29BD731-4C05-4159-A5FA-BDE0A63555E1}.Release|Any CPU.ActiveCfg = Release|Any CPU
		{A29BD731-4C05-4159-A5FA-BDE0A63555E1}.Release|Any CPU.Build.0 = Release|Any CPU
		{37030E75-2082-45AB-8B88-8540EC56A8B4}.Debug|Any CPU.ActiveCfg = Debug|Any CPU
		{37030E75-2082-45AB-8B88-8540EC56A8B4}.Debug|Any CPU.Build.0 = Debug|Any CPU
		{37030E75-2082-45AB-8B88-8540EC56A8B4}.Release|Any CPU.ActiveCfg = Release|Any CPU
		{37030E75-2082-45AB-8B88-8540EC56A8B4}.Release|Any CPU.Build.0 = Release|Any CPU
		{4E417970-C7C2-478E-9DC1-8CA58BC50094}.Debug|Any CPU.ActiveCfg = Debug|Any CPU
		{4E417970-C7C2-478E-9DC1-8CA58BC50094}.Debug|Any CPU.Build.0 = Debug|Any CPU
		{4E417970-C7C2-478E-9DC1-8CA58BC50094}.Release|Any CPU.ActiveCfg = Release|Any CPU
		{4E417970-C7C2-478E-9DC1-8CA58BC50094}.Release|Any CPU.Build.0 = Release|Any CPU
		{20F561EE-D688-4609-A9FD-639AD25A1D07}.Debug|Any CPU.ActiveCfg = Debug|Any CPU
		{20F561EE-D688-4609-A9FD-639AD25A1D07}.Debug|Any CPU.Build.0 = Debug|Any CPU
		{20F561EE-D688-4609-A9FD-639AD25A1D07}.Release|Any CPU.ActiveCfg = Release|Any CPU
		{20F561EE-D688-4609-A9FD-639AD25A1D07}.Release|Any CPU.Build.0 = Release|Any CPU
		{D6AA2918-472F-4CC8-961E-7A00500284B9}.Debug|Any CPU.ActiveCfg = Debug|Any CPU
		{D6AA2918-472F-4CC8-961E-7A00500284B9}.Debug|Any CPU.Build.0 = Debug|Any CPU
		{D6AA2918-472F-4CC8-961E-7A00500284B9}.Release|Any CPU.ActiveCfg = Release|Any CPU
		{D6AA2918-472F-4CC8-961E-7A00500284B9}.Release|Any CPU.Build.0 = Release|Any CPU
		{AEF5633A-E1DC-49BB-AAC5-6DA4CAF3251F}.Debug|Any CPU.ActiveCfg = Debug|Any CPU
		{AEF5633A-E1DC-49BB-AAC5-6DA4CAF3251F}.Release|Any CPU.ActiveCfg = Release|Any CPU
		{3A520C25-E99F-4B08-9824-EE175B72EA75}.Debug|Any CPU.ActiveCfg = Debug|Any CPU
		{3A520C25-E99F-4B08-9824-EE175B72EA75}.Release|Any CPU.ActiveCfg = Release|Any CPU
		{68788FB4-8D43-4B56-9715-A6C841D4849D}.Debug|Any CPU.ActiveCfg = Debug|Any CPU
		{68788FB4-8D43-4B56-9715-A6C841D4849D}.Debug|Any CPU.Build.0 = Debug|Any CPU
		{68788FB4-8D43-4B56-9715-A6C841D4849D}.Release|Any CPU.ActiveCfg = Release|Any CPU
		{68788FB4-8D43-4B56-9715-A6C841D4849D}.Release|Any CPU.Build.0 = Release|Any CPU
		{3CC782BA-C637-4504-AD2E-EEF7476682FD}.Debug|Any CPU.ActiveCfg = Debug|Any CPU
		{3CC782BA-C637-4504-AD2E-EEF7476682FD}.Debug|Any CPU.Build.0 = Debug|Any CPU
		{3CC782BA-C637-4504-AD2E-EEF7476682FD}.Release|Any CPU.ActiveCfg = Release|Any CPU
		{3CC782BA-C637-4504-AD2E-EEF7476682FD}.Release|Any CPU.Build.0 = Release|Any CPU
		{0195EB53-A8FE-4B48-BE1E-E78F5C7639CE}.Debug|Any CPU.ActiveCfg = Debug|Any CPU
		{0195EB53-A8FE-4B48-BE1E-E78F5C7639CE}.Release|Any CPU.ActiveCfg = Release|Any CPU
	EndGlobalSection
	GlobalSection(SolutionProperties) = preSolution
		HideSolutionNode = FALSE
	EndGlobalSection
	GlobalSection(NestedProjects) = preSolution
		{D73C02D0-C7C6-4162-B0FD-3AB35FC5E37B} = {E5464EEC-A18D-40F9-BAB1-14E594A0AC02}
		{20F561EE-D688-4609-A9FD-639AD25A1D07} = {D73C02D0-C7C6-4162-B0FD-3AB35FC5E37B}
		{D6AA2918-472F-4CC8-961E-7A00500284B9} = {D73C02D0-C7C6-4162-B0FD-3AB35FC5E37B}
		{E5464EEC-A18D-40F9-BAB1-14E594A0AC02} = {2783B91C-F617-4BDF-915B-C681A99A7C2C}
		{D8B0C6BE-2A27-4311-B24E-53BE0AA1F78D} = {2783B91C-F617-4BDF-915B-C681A99A7C2C}
		{AEF5633A-E1DC-49BB-AAC5-6DA4CAF3251F} = {D8B0C6BE-2A27-4311-B24E-53BE0AA1F78D}
		{3A520C25-E99F-4B08-9824-EE175B72EA75} = {D8B0C6BE-2A27-4311-B24E-53BE0AA1F78D}
		{0195EB53-A8FE-4B48-BE1E-E78F5C7639CE} = {D8B0C6BE-2A27-4311-B24E-53BE0AA1F78D}
	EndGlobalSection
	GlobalSection(ExtensibilityGlobals) = postSolution
		SolutionGuid = {B5C09A64-FC58-409E-8FD1-9C1000E79D56}
	EndGlobalSection
EndGlobal
