
Microsoft Visual Studio Solution File, Format Version 12.00
# Visual Studio 2013
VisualStudioVersion = 12.0.40629.0
MinimumVisualStudioVersion = 10.0.40219.1
Project("{FAE04EC0-301F-11D3-BF4B-00C04F79EFBC}") = "O365_RESTAPI_NF_Publish", "O365_RESTAPI_NF_Publish\O365_RESTAPI_NF_Publish.csproj", "{3A520C25-E99F-4B08-9824-EE175B72EA75}"
EndProject
Global
	GlobalSection(TeamFoundationVersionControl) = preSolution
		SccNumberOfProjects = 2
		SccEnterpriseProvider = {4CA58AB2-18FA-4F8D-95D4-32DDF27D184C}
		SccTeamFoundationServer = https://mattbriggs.visualstudio.com/defaultcollection
		SccLocalPath0 = .
		SccProjectUniqueName1 = O365_RESTAPI_NF_Publish\\O365_RESTAPI_NF_Publish.csproj
		SccProjectName1 = O365_RESTAPI_NF_Publish
		SccLocalPath1 = O365_RESTAPI_NF_Publish
	EndGlobalSection
	GlobalSection(SolutionConfigurationPlatforms) = preSolution
		Debug|Any CPU = Debug|Any CPU
		Release|Any CPU = Release|Any CPU
	EndGlobalSection
	GlobalSection(ProjectConfigurationPlatforms) = postSolution
		{3A520C25-E99F-4B08-9824-EE175B72EA75}.Debug|Any CPU.ActiveCfg = Debug|Any CPU
		{3A520C25-E99F-4B08-9824-EE175B72EA75}.Debug|Any CPU.Build.0 = Debug|Any CPU
		{3A520C25-E99F-4B08-9824-EE175B72EA75}.Release|Any CPU.ActiveCfg = Release|Any CPU
		{3A520C25-E99F-4B08-9824-EE175B72EA75}.Release|Any CPU.Build.0 = Release|Any CPU
	EndGlobalSection
	GlobalSection(SolutionProperties) = preSolution
		HideSolutionNode = FALSE
	EndGlobalSection
EndGlobal
