
Microsoft Visual Studio Solution File, Format Version 12.00
# Visual Studio 2013
VisualStudioVersion = 12.0.40629.0
MinimumVisualStudioVersion = 10.0.40219.1
Project("{FAE04EC0-301F-11D3-BF4B-00C04F79EFBC}") = "O365_RESTAPI_NF_Save", "O365_RESTAPI_NF_Save\O365_RESTAPI_NF_Save.csproj", "{0195EB53-A8FE-4B48-BE1E-E78F5C7639CE}"
EndProject
Global
	GlobalSection(TeamFoundationVersionControl) = preSolution
		SccNumberOfProjects = 2
		SccEnterpriseProvider = {4CA58AB2-18FA-4F8D-95D4-32DDF27D184C}
		SccTeamFoundationServer = https://mattbriggs.visualstudio.com/defaultcollection
		SccLocalPath0 = .
		SccProjectUniqueName1 = O365_RESTAPI_NF_Save\\O365_RESTAPI_NF_Save.csproj
		SccProjectName1 = O365_RESTAPI_NF_Save
		SccLocalPath1 = O365_RESTAPI_NF_Save
	EndGlobalSection
	GlobalSection(SolutionConfigurationPlatforms) = preSolution
		Debug|Any CPU = Debug|Any CPU
		Release|Any CPU = Release|Any CPU
	EndGlobalSection
	GlobalSection(ProjectConfigurationPlatforms) = postSolution
		{0195EB53-A8FE-4B48-BE1E-E78F5C7639CE}.Debug|Any CPU.ActiveCfg = Debug|Any CPU
		{0195EB53-A8FE-4B48-BE1E-E78F5C7639CE}.Debug|Any CPU.Build.0 = Debug|Any CPU
		{0195EB53-A8FE-4B48-BE1E-E78F5C7639CE}.Release|Any CPU.ActiveCfg = Release|Any CPU
		{0195EB53-A8FE-4B48-BE1E-E78F5C7639CE}.Release|Any CPU.Build.0 = Release|Any CPU
	EndGlobalSection
	GlobalSection(SolutionProperties) = preSolution
		HideSolutionNode = FALSE
	EndGlobalSection
EndGlobal
