
Microsoft Visual Studio Solution File, Format Version 12.00
# Visual Studio 2012
Project("{FAE04EC0-301F-11D3-BF4B-00C04F79EFBC}") = "NintexFormsClient", "NintexFormsClient\NintexFormsClient.csproj", "{20F561EE-D688-4609-A9FD-639AD25A1D07}"
EndProject
Project("{FAE04EC0-301F-11D3-BF4B-00C04F79EFBC}") = "PublishFormExample", "PublishFormExample\PublishFormExample.csproj", "{D6AA2918-472F-4CC8-961E-7A00500284B9}"
EndProject
Global
	GlobalSection(SolutionConfigurationPlatforms) = preSolution
		Debug|Any CPU = Debug|Any CPU
		Release|Any CPU = Release|Any CPU
	EndGlobalSection
	GlobalSection(ProjectConfigurationPlatforms) = postSolution
		{20F561EE-D688-4609-A9FD-639AD25A1D07}.Debug|Any CPU.ActiveCfg = Debug|Any CPU
		{20F561EE-D688-4609-A9FD-639AD25A1D07}.Debug|Any CPU.Build.0 = Debug|Any CPU
		{20F561EE-D688-4609-A9FD-639AD25A1D07}.Release|Any CPU.ActiveCfg = Release|Any CPU
		{20F561EE-D688-4609-A9FD-639AD25A1D07}.Release|Any CPU.Build.0 = Release|Any CPU
		{D6AA2918-472F-4CC8-961E-7A00500284B9}.Debug|Any CPU.ActiveCfg = Debug|Any CPU
		{D6AA2918-472F-4CC8-961E-7A00500284B9}.Debug|Any CPU.Build.0 = Debug|Any CPU
		{D6AA2918-472F-4CC8-961E-7A00500284B9}.Release|Any CPU.ActiveCfg = Release|Any CPU
		{D6AA2918-472F-4CC8-961E-7A00500284B9}.Release|Any CPU.Build.0 = Release|Any CPU
	EndGlobalSection
	GlobalSection(SolutionProperties) = preSolution
		HideSolutionNode = FALSE
	EndGlobalSection
EndGlobal
